
Microsoft Visual Studio Solution File, Format Version 12.00
# Visual Studio Version 16
VisualStudioVersion = 16.0.30523.141
MinimumVisualStudioVersion = 10.0.40219.1
Project("{FAE04EC0-301F-11D3-BF4B-00C04F79EFBC}") = "Lr1_Db_WF", "Lr1_Db_WF\Lr1_Db_WF.csproj", "{B2BB4770-985C-4ECB-A92C-DE7185D616AE}"
EndProject
Global
	GlobalSection(SolutionConfigurationPlatforms) = preSolution
		Debug|Any CPU = Debug|Any CPU
		Release|Any CPU = Release|Any CPU
	EndGlobalSection
	GlobalSection(ProjectConfigurationPlatforms) = postSolution
		{B2BB4770-985C-4ECB-A92C-DE7185D616AE}.Debug|Any CPU.ActiveCfg = Debug|Any CPU
		{B2BB4770-985C-4ECB-A92C-DE7185D616AE}.Debug|Any CPU.Build.0 = Debug|Any CPU
		{B2BB4770-985C-4ECB-A92C-DE7185D616AE}.Release|Any CPU.ActiveCfg = Release|Any CPU
		{B2BB4770-985C-4ECB-A92C-DE7185D616AE}.Release|Any CPU.Build.0 = Release|Any CPU
	EndGlobalSection
	GlobalSection(SolutionProperties) = preSolution
		HideSolutionNode = FALSE
	EndGlobalSection
	GlobalSection(ExtensibilityGlobals) = postSolution
		SolutionGuid = {153D9EE6-7F63-4A97-8098-F5697A225CD2}
	EndGlobalSection
EndGlobal
